
Microsoft Visual Studio Solution File, Format Version 12.00
# Visual Studio 15
VisualStudioVersion = 15.0.28307.329
MinimumVisualStudioVersion = 10.0.40219.1
Project("{8BC9CEB8-8B4A-11D0-8D11-00A0C91BC942}") = "WindowsProject1", "WindowsProject1\WindowsProject1.vcxproj", "{5EAAFCCC-AAA7-4810-AC05-EC99F48ABFD8}"
EndProject
Global
	GlobalSection(SolutionConfigurationPlatforms) = preSolution
		Debug|x64 = Debug|x64
		Debug|x86 = Debug|x86
		Release|x64 = Release|x64
		Release|x86 = Release|x86
	EndGlobalSection
	GlobalSection(ProjectConfigurationPlatforms) = postSolution
		{5EAAFCCC-AAA7-4810-AC05-EC99F48ABFD8}.Debug|x64.ActiveCfg = Debug|x64
		{5EAAFCCC-AAA7-4810-AC05-EC99F48ABFD8}.Debug|x64.Build.0 = Debug|x64
		{5EAAFCCC-AAA7-4810-AC05-EC99F48ABFD8}.Debug|x86.ActiveCfg = Debug|Win32
		{5EAAFCCC-AAA7-4810-AC05-EC99F48ABFD8}.Debug|x86.Build.0 = Debug|Win32
		{5EAAFCCC-AAA7-4810-AC05-EC99F48ABFD8}.Release|x64.ActiveCfg = Release|x64
		{5EAAFCCC-AAA7-4810-AC05-EC99F48ABFD8}.Release|x64.Build.0 = Release|x64
		{5EAAFCCC-AAA7-4810-AC05-EC99F48ABFD8}.Release|x86.ActiveCfg = Release|Win32
		{5EAAFCCC-AAA7-4810-AC05-EC99F48ABFD8}.Release|x86.Build.0 = Release|Win32
	EndGlobalSection
	GlobalSection(SolutionProperties) = preSolution
		HideSolutionNode = FALSE
	EndGlobalSection
	GlobalSection(ExtensibilityGlobals) = postSolution
		SolutionGuid = {EFD5AE10-3FEF-4C53-9599-91E5C5D25673}
	EndGlobalSection
EndGlobal
